{
  "nodes": {
    "nixpkgs": {
      "locked": {
        "lastModified": 1666833969,
        "narHash": "sha256-tccx/G+BI7inKjfZFRhUeFobSiG6iiiMAdRYP3+zEIs=",
        "owner": "nixos",
        "repo": "nixpkgs",
        "rev": "4479e24f2f20170709845c050aad710272272c26",
        "type": "github"
      },
      "original": {
        "owner": "nixos",
        "ref": "release-22.05",
        "repo": "nixpkgs",
        "type": "github"
      }
    },
    "root": {
      "inputs": {
        "nixpkgs": "nixpkgs"
      }
    }
  },
  "root": "root",
  "version": 7
}
